
Microsoft Visual Studio Solution File, Format Version 12.00
# Visual Studio 15
VisualStudioVersion = 15.0.28307.1082
MinimumVisualStudioVersion = 10.0.40219.1
Project("{159641D6-6404-4A2A-AE62-294DE0FE8301}") = "CreatePackage", "CreatePackage\CreatePackage.dtproj", "{99F67882-66C0-40C8-8906-1A4E0FC3700F}"
EndProject
Global
	GlobalSection(SolutionConfigurationPlatforms) = preSolution
		Development|Default = Development|Default
	EndGlobalSection
	GlobalSection(ProjectConfigurationPlatforms) = postSolution
		{99F67882-66C0-40C8-8906-1A4E0FC3700F}.Development|Default.ActiveCfg = Development
		{99F67882-66C0-40C8-8906-1A4E0FC3700F}.Development|Default.Build.0 = Development
	EndGlobalSection
	GlobalSection(SolutionProperties) = preSolution
		HideSolutionNode = FALSE
	EndGlobalSection
	GlobalSection(ExtensibilityGlobals) = postSolution
		SolutionGuid = {6397FE64-76C2-4B23-9899-675808DC893A}
	EndGlobalSection
EndGlobal
